<?xml version="1.0" encoding="utf-8"?>
<Project ToolsVersion="4.0" xmlns="http://schemas.microsoft.com/developer/msbuild/2003">
  <ItemGroup>
    <Filter Include="Source Files">
      <UniqueIdentifier>{4FC737F1-C7A5-4376-A066-2A32D752A2FF}</UniqueIdentifier>
      <Extensions>cpp;c;cc;cxx;def;odl;idl;hpj;bat;asm;asmx</Extensions>
    </Filter>
    <Filter Include="Header Files">
      <UniqueIdentifier>{93995380-89BD-4b04-88EB-625FBE52EBFB}</UniqueIdentifier>
      <Extensions>h;hh;hpp;hxx;hm;inl;inc;xsd</Extensions>
    </Filter>
    <Filter Include="Resource Files">
      <UniqueIdentifier>{67DA6AB6-F800-4c08-8B7A-83BB121AAD01}</UniqueIdentifier>
      <Extensions>rc;ico;cur;bmp;dlg;rc2;rct;bin;rgs;gif;jpg;jpeg;jpe;resx;tiff;tif;png;wav;mfcribbon-ms</Extensions>
    </Filter>
    <Filter Include="Resource Files\shaders">
      <UniqueIdentifier>{925913d1-50a1-4712-aacd-fd2e1adad1d1}</UniqueIdentifier>
    </Filter>
    <Filter Include="Resource Files\levels">
      <UniqueIdentifier>{fe363da9-1601-4a0c-bfec-874ab38088ae}</UniqueIdentifier>
    </Filter>
    <Filter Include="Resource Files\audio">
      <UniqueIdentifier>{856713f0-4c24-42cf-9754-f0951fac38bf}</UniqueIdentifier>
    </Filter>
  </ItemGroup>
  <ItemGroup>
    <ClInclude Include="game.h">
      <Filter>Header Files</Filter>
    </ClInclude>
    <ClInclude Include="shader.h">
      <Filter>Header Files</Filter>
    </ClInclude>
    <ClInclude Include="resource_manager.h">
      <Filter>Header Files</Filter>
    </ClInclude>
    <ClInclude Include="camera.h">
      <Filter>Header Files</Filter>
    </ClInclude>
    <ClInclude Include="renderer.h">
      <Filter>Header Files</Filter>
    </ClInclude>
    <ClInclude Include="game_object.h">
      <Filter>Header Files</Filter>
    </ClInclude>
    <ClInclude Include="game_level.h">
      <Filter>Header Files</Filter>
    </ClInclude>
    <ClInclude Include="cannonball_generator.h">
      <Filter>Header Files</Filter>
    </ClInclude>
    <ClInclude Include="text.h">
      <Filter>Header Files</Filter>
    </ClInclude>
    <ClInclude Include="text_renderer.h">
      <Filter>Header Files</Filter>
    </ClInclude>
  </ItemGroup>
  <ItemGroup>
    <ClCompile Include="game.cpp">
      <Filter>Source Files</Filter>
    </ClCompile>
    <ClCompile Include="shader.cpp">
      <Filter>Source Files</Filter>
    </ClCompile>
    <ClCompile Include="resource_manager.cpp">
      <Filter>Source Files</Filter>
    </ClCompile>
    <ClCompile Include="main.cpp">
      <Filter>Source Files</Filter>
    </ClCompile>
    <ClCompile Include="camera.cpp">
      <Filter>Source Files</Filter>
    </ClCompile>
    <ClCompile Include="renderer.cpp">
      <Filter>Source Files</Filter>
    </ClCompile>
    <ClCompile Include="game_object.cpp">
      <Filter>Source Files</Filter>
    </ClCompile>
    <ClCompile Include="game_level.cpp">
      <Filter>Source Files</Filter>
    </ClCompile>
    <ClCompile Include="cannonball_generator.cpp">
      <Filter>Source Files</Filter>
    </ClCompile>
    <ClCompile Include="text.cpp">
      <Filter>Source Files</Filter>
    </ClCompile>
    <ClCompile Include="text_renderer.cpp">
      <Filter>Source Files</Filter>
    </ClCompile>
  </ItemGroup>
  <ItemGroup>
    <None Include="shaders\diffuse_only.frag">
      <Filter>Resource Files\shaders</Filter>
    </None>
    <None Include="shaders\lamp.frag">
      <Filter>Resource Files\shaders</Filter>
    </None>
    <None Include="shaders\lamp.vs">
      <Filter>Resource Files\shaders</Filter>
    </None>
    <None Include="shaders\outline.frag">
      <Filter>Resource Files\shaders</Filter>
    </None>
    <None Include="shaders\outline.gs">
      <Filter>Resource Files\shaders</Filter>
    </None>
    <None Include="shaders\outline.vs">
      <Filter>Resource Files\shaders</Filter>
    </None>
    <None Include="shaders\simple3d.vs">
      <Filter>Resource Files\shaders</Filter>
    </None>
    <None Include="shaders\text.frag">
      <Filter>Resource Files\shaders</Filter>
    </None>
    <None Include="shaders\text.vs">
      <Filter>Resource Files\shaders</Filter>
    </None>
  </ItemGroup>
  <ItemGroup>
    <Text Include="levels\level_one.txt">
      <Filter>Resource Files\levels</Filter>
    </Text>
    <Text Include="level_test.txt">
      <Filter>Resource Files\levels</Filter>
    </Text>
    <Text Include="levels\level_two.txt">
      <Filter>Resource Files\levels</Filter>
    </Text>
    <Text Include="levels\demo.txt">
      <Filter>Resource Files\levels</Filter>
    </Text>
  </ItemGroup>
  <ItemGroup>
    <Media Include="audio\bg.mp3">
      <Filter>Resource Files\audio</Filter>
    </Media>
    <Media Include="audio\cannon_fire.wav">
      <Filter>Resource Files\audio</Filter>
    </Media>
    <Media Include="audio\explode.wav">
      <Filter>Resource Files\audio</Filter>
    </Media>
    <Media Include="audio\menu_down.wav">
      <Filter>Resource Files\audio</Filter>
    </Media>
    <Media Include="audio\menu_select.wav">
      <Filter>Resource Files\audio</Filter>
    </Media>
    <Media Include="audio\menu_up.wav">
      <Filter>Resource Files\audio</Filter>
    </Media>
  </ItemGroup>
</Project>